
Microsoft Visual Studio Solution File, Format Version 12.00
# Visual Studio 14
VisualStudioVersion = 14.0.25420.1
MinimumVisualStudioVersion = 10.0.40219.1
Project("{2150E333-8FDC-42A3-9474-1A3956D46DE8}") = "04.BusinessEntities", "04.BusinessEntities", "{192E448C-A347-4A96-B3BC-8431D806D140}"
EndProject
Project("{FAE04EC0-301F-11D3-BF4B-00C04F79EFBC}") = "BusinessEntities", "04.BusinessEntities\BusinessEntities\BusinessEntities.csproj", "{18542F1E-234A-4201-B9D1-1BEE80E79E86}"
EndProject
Project("{2150E333-8FDC-42A3-9474-1A3956D46DE8}") = "01.Presentation", "01.Presentation", "{5CBAF1FD-8BE5-4C18-BDB5-7A128D297744}"
EndProject
Project("{2150E333-8FDC-42A3-9474-1A3956D46DE8}") = "03.Repository", "03.Repository", "{9ACC5C6C-33A1-4607-9DAD-578027A8992B}"
EndProject
Project("{FAE04EC0-301F-11D3-BF4B-00C04F79EFBC}") = "Core", "03.Repository\Core\Core.csproj", "{C441D63A-44D1-4BFA-8751-600BE52947BA}"
EndProject
Project("{FAE04EC0-301F-11D3-BF4B-00C04F79EFBC}") = "Core.Repository.MongoDb", "03.Repository\Core.Repository.MongoDb\Core.Repository.MongoDb.csproj", "{ED923048-23C5-423F-9C15-EE3A23E4C9F0}"
EndProject
Project("{FAE04EC0-301F-11D3-BF4B-00C04F79EFBC}") = "Core.Service", "03.Repository\Core.Service\Core.Service.csproj", "{D8B5F76B-6AA2-467A-B467-DF973768503F}"
EndProject
Project("{2150E333-8FDC-42A3-9474-1A3956D46DE8}") = "02.Service", "02.Service", "{2B99DC44-CF3A-40B2-A56D-EE8D8C16D495}"
EndProject
Project("{FAE04EC0-301F-11D3-BF4B-00C04F79EFBC}") = "MongoDB.Service", "02.Service\MongoDB.Service\MongoDB.Service.csproj", "{D4B6F515-6D82-4D19-86C0-32A93577A416}"
EndProject
Project("{FAE04EC0-301F-11D3-BF4B-00C04F79EFBC}") = "Service.Tests", "02.Service\Service.Tests\Service.Tests.csproj", "{BD001468-A916-4268-9829-D94BE6EFB6B9}"
EndProject
Project("{FAE04EC0-301F-11D3-BF4B-00C04F79EFBC}") = "Core.Repository.Tests", "03.Repository\Core.Repository.Tests\Core.Repository.Tests.csproj", "{78F40BDD-B935-472E-B231-646F455F7957}"
EndProject
Project("{FAE04EC0-301F-11D3-BF4B-00C04F79EFBC}") = "WebApi", "01.Presentation\WebApi\WebApi.csproj", "{902C373B-8F67-4067-AF57-36C67826D369}"
EndProject
Project("{FAE04EC0-301F-11D3-BF4B-00C04F79EFBC}") = "WebApi.Tests", "01.Presentation\WebApi.Tests\WebApi.Tests.csproj", "{1044B3A3-357B-48FC-9FEA-04DAD42DA75B}"
EndProject
Project("{FAE04EC0-301F-11D3-BF4B-00C04F79EFBC}") = "WebApp", "01.Presentation\WebApp\WebApp.csproj", "{45CEF865-3CD1-4874-B8CD-5A40FC81EC6E}"
EndProject
Project("{FAE04EC0-301F-11D3-BF4B-00C04F79EFBC}") = "WebApp.Tests", "01.Presentation\WebApp.Tests\WebApp.Tests.csproj", "{F3FD270F-4880-427D-9B90-F8F04272922C}"
EndProject
Global
	GlobalSection(SolutionConfigurationPlatforms) = preSolution
		Debug|Any CPU = Debug|Any CPU
		Release|Any CPU = Release|Any CPU
	EndGlobalSection
	GlobalSection(ProjectConfigurationPlatforms) = postSolution
		{18542F1E-234A-4201-B9D1-1BEE80E79E86}.Debug|Any CPU.ActiveCfg = Debug|Any CPU
		{18542F1E-234A-4201-B9D1-1BEE80E79E86}.Debug|Any CPU.Build.0 = Debug|Any CPU
		{18542F1E-234A-4201-B9D1-1BEE80E79E86}.Release|Any CPU.ActiveCfg = Release|Any CPU
		{18542F1E-234A-4201-B9D1-1BEE80E79E86}.Release|Any CPU.Build.0 = Release|Any CPU
		{C441D63A-44D1-4BFA-8751-600BE52947BA}.Debug|Any CPU.ActiveCfg = Debug|Any CPU
		{C441D63A-44D1-4BFA-8751-600BE52947BA}.Debug|Any CPU.Build.0 = Debug|Any CPU
		{C441D63A-44D1-4BFA-8751-600BE52947BA}.Release|Any CPU.ActiveCfg = Release|Any CPU
		{C441D63A-44D1-4BFA-8751-600BE52947BA}.Release|Any CPU.Build.0 = Release|Any CPU
		{ED923048-23C5-423F-9C15-EE3A23E4C9F0}.Debug|Any CPU.ActiveCfg = Debug|Any CPU
		{ED923048-23C5-423F-9C15-EE3A23E4C9F0}.Debug|Any CPU.Build.0 = Debug|Any CPU
		{ED923048-23C5-423F-9C15-EE3A23E4C9F0}.Release|Any CPU.ActiveCfg = Release|Any CPU
		{ED923048-23C5-423F-9C15-EE3A23E4C9F0}.Release|Any CPU.Build.0 = Release|Any CPU
		{D8B5F76B-6AA2-467A-B467-DF973768503F}.Debug|Any CPU.ActiveCfg = Debug|Any CPU
		{D8B5F76B-6AA2-467A-B467-DF973768503F}.Debug|Any CPU.Build.0 = Debug|Any CPU
		{D8B5F76B-6AA2-467A-B467-DF973768503F}.Release|Any CPU.ActiveCfg = Release|Any CPU
		{D8B5F76B-6AA2-467A-B467-DF973768503F}.Release|Any CPU.Build.0 = Release|Any CPU
		{D4B6F515-6D82-4D19-86C0-32A93577A416}.Debug|Any CPU.ActiveCfg = Debug|Any CPU
		{D4B6F515-6D82-4D19-86C0-32A93577A416}.Debug|Any CPU.Build.0 = Debug|Any CPU
		{D4B6F515-6D82-4D19-86C0-32A93577A416}.Release|Any CPU.ActiveCfg = Release|Any CPU
		{D4B6F515-6D82-4D19-86C0-32A93577A416}.Release|Any CPU.Build.0 = Release|Any CPU
		{BD001468-A916-4268-9829-D94BE6EFB6B9}.Debug|Any CPU.ActiveCfg = Debug|Any CPU
		{BD001468-A916-4268-9829-D94BE6EFB6B9}.Debug|Any CPU.Build.0 = Debug|Any CPU
		{BD001468-A916-4268-9829-D94BE6EFB6B9}.Release|Any CPU.ActiveCfg = Release|Any CPU
		{BD001468-A916-4268-9829-D94BE6EFB6B9}.Release|Any CPU.Build.0 = Release|Any CPU
		{78F40BDD-B935-472E-B231-646F455F7957}.Debug|Any CPU.ActiveCfg = Debug|Any CPU
		{78F40BDD-B935-472E-B231-646F455F7957}.Debug|Any CPU.Build.0 = Debug|Any CPU
		{78F40BDD-B935-472E-B231-646F455F7957}.Release|Any CPU.ActiveCfg = Release|Any CPU
		{78F40BDD-B935-472E-B231-646F455F7957}.Release|Any CPU.Build.0 = Release|Any CPU
		{902C373B-8F67-4067-AF57-36C67826D369}.Debug|Any CPU.ActiveCfg = Debug|Any CPU
		{902C373B-8F67-4067-AF57-36C67826D369}.Debug|Any CPU.Build.0 = Debug|Any CPU
		{902C373B-8F67-4067-AF57-36C67826D369}.Release|Any CPU.ActiveCfg = Release|Any CPU
		{902C373B-8F67-4067-AF57-36C67826D369}.Release|Any CPU.Build.0 = Release|Any CPU
		{1044B3A3-357B-48FC-9FEA-04DAD42DA75B}.Debug|Any CPU.ActiveCfg = Debug|Any CPU
		{1044B3A3-357B-48FC-9FEA-04DAD42DA75B}.Debug|Any CPU.Build.0 = Debug|Any CPU
		{1044B3A3-357B-48FC-9FEA-04DAD42DA75B}.Release|Any CPU.ActiveCfg = Release|Any CPU
		{1044B3A3-357B-48FC-9FEA-04DAD42DA75B}.Release|Any CPU.Build.0 = Release|Any CPU
		{45CEF865-3CD1-4874-B8CD-5A40FC81EC6E}.Debug|Any CPU.ActiveCfg = Debug|Any CPU
		{45CEF865-3CD1-4874-B8CD-5A40FC81EC6E}.Debug|Any CPU.Build.0 = Debug|Any CPU
		{45CEF865-3CD1-4874-B8CD-5A40FC81EC6E}.Release|Any CPU.ActiveCfg = Release|Any CPU
		{45CEF865-3CD1-4874-B8CD-5A40FC81EC6E}.Release|Any CPU.Build.0 = Release|Any CPU
		{F3FD270F-4880-427D-9B90-F8F04272922C}.Debug|Any CPU.ActiveCfg = Debug|Any CPU
		{F3FD270F-4880-427D-9B90-F8F04272922C}.Debug|Any CPU.Build.0 = Debug|Any CPU
		{F3FD270F-4880-427D-9B90-F8F04272922C}.Release|Any CPU.ActiveCfg = Release|Any CPU
		{F3FD270F-4880-427D-9B90-F8F04272922C}.Release|Any CPU.Build.0 = Release|Any CPU
	EndGlobalSection
	GlobalSection(SolutionProperties) = preSolution
		HideSolutionNode = FALSE
	EndGlobalSection
	GlobalSection(NestedProjects) = preSolution
		{18542F1E-234A-4201-B9D1-1BEE80E79E86} = {192E448C-A347-4A96-B3BC-8431D806D140}
		{C441D63A-44D1-4BFA-8751-600BE52947BA} = {9ACC5C6C-33A1-4607-9DAD-578027A8992B}
		{ED923048-23C5-423F-9C15-EE3A23E4C9F0} = {9ACC5C6C-33A1-4607-9DAD-578027A8992B}
		{D8B5F76B-6AA2-467A-B467-DF973768503F} = {9ACC5C6C-33A1-4607-9DAD-578027A8992B}
		{D4B6F515-6D82-4D19-86C0-32A93577A416} = {2B99DC44-CF3A-40B2-A56D-EE8D8C16D495}
		{BD001468-A916-4268-9829-D94BE6EFB6B9} = {2B99DC44-CF3A-40B2-A56D-EE8D8C16D495}
		{78F40BDD-B935-472E-B231-646F455F7957} = {9ACC5C6C-33A1-4607-9DAD-578027A8992B}
		{902C373B-8F67-4067-AF57-36C67826D369} = {5CBAF1FD-8BE5-4C18-BDB5-7A128D297744}
		{1044B3A3-357B-48FC-9FEA-04DAD42DA75B} = {5CBAF1FD-8BE5-4C18-BDB5-7A128D297744}
		{45CEF865-3CD1-4874-B8CD-5A40FC81EC6E} = {5CBAF1FD-8BE5-4C18-BDB5-7A128D297744}
		{F3FD270F-4880-427D-9B90-F8F04272922C} = {5CBAF1FD-8BE5-4C18-BDB5-7A128D297744}
	EndGlobalSection
EndGlobal
